
Microsoft Visual Studio Solution File, Format Version 12.00
# Visual Studio Version 17
VisualStudioVersion = 17.10.34928.147
MinimumVisualStudioVersion = 10.0.40219.1
Project("{FAE04EC0-301F-11D3-BF4B-00C04F79EFBC}") = "IntroductionToDOTNET", "IntroductionToDOTNET\IntroductionToDOTNET.csproj", "{E926BB4E-FF61-433E-97BF-81DCB0554698}"
EndProject
Project("{FAE04EC0-301F-11D3-BF4B-00C04F79EFBC}") = "DataTypes", "DataTypes\DataTypes.csproj", "{892EFF65-EB6E-4972-93DE-A76766AECEA5}"
EndProject
Project("{FAE04EC0-301F-11D3-BF4B-00C04F79EFBC}") = "Factorial", "Factorial\Factorial.csproj", "{BA58B79D-2A5C-43AE-B6F0-BF63D14CDB25}"
EndProject
Project("{FAE04EC0-301F-11D3-BF4B-00C04F79EFBC}") = "Calc", "Calc\Calc.csproj", "{C3903F29-EFCE-4F3F-B2D1-367D881AB4F1}"
EndProject
Project("{FAE04EC0-301F-11D3-BF4B-00C04F79EFBC}") = "Snake", "Snake\Snake.csproj", "{AF8CEA65-ECBF-47EE-84D2-3CB61AFC8DAE}"
EndProject
Project("{FAE04EC0-301F-11D3-BF4B-00C04F79EFBC}") = "Arrays", "Arrays\Arrays.csproj", "{046453B3-26A4-4985-B1E2-1DC5CBD6366D}"
EndProject
Global
	GlobalSection(SolutionConfigurationPlatforms) = preSolution
		Debug|Any CPU = Debug|Any CPU
		Release|Any CPU = Release|Any CPU
	EndGlobalSection
	GlobalSection(ProjectConfigurationPlatforms) = postSolution
		{E926BB4E-FF61-433E-97BF-81DCB0554698}.Debug|Any CPU.ActiveCfg = Debug|Any CPU
		{E926BB4E-FF61-433E-97BF-81DCB0554698}.Debug|Any CPU.Build.0 = Debug|Any CPU
		{E926BB4E-FF61-433E-97BF-81DCB0554698}.Release|Any CPU.ActiveCfg = Release|Any CPU
		{E926BB4E-FF61-433E-97BF-81DCB0554698}.Release|Any CPU.Build.0 = Release|Any CPU
		{892EFF65-EB6E-4972-93DE-A76766AECEA5}.Debug|Any CPU.ActiveCfg = Debug|Any CPU
		{892EFF65-EB6E-4972-93DE-A76766AECEA5}.Debug|Any CPU.Build.0 = Debug|Any CPU
		{892EFF65-EB6E-4972-93DE-A76766AECEA5}.Release|Any CPU.ActiveCfg = Release|Any CPU
		{892EFF65-EB6E-4972-93DE-A76766AECEA5}.Release|Any CPU.Build.0 = Release|Any CPU
		{BA58B79D-2A5C-43AE-B6F0-BF63D14CDB25}.Debug|Any CPU.ActiveCfg = Debug|Any CPU
		{BA58B79D-2A5C-43AE-B6F0-BF63D14CDB25}.Debug|Any CPU.Build.0 = Debug|Any CPU
		{BA58B79D-2A5C-43AE-B6F0-BF63D14CDB25}.Release|Any CPU.ActiveCfg = Release|Any CPU
		{BA58B79D-2A5C-43AE-B6F0-BF63D14CDB25}.Release|Any CPU.Build.0 = Release|Any CPU
		{C3903F29-EFCE-4F3F-B2D1-367D881AB4F1}.Debug|Any CPU.ActiveCfg = Debug|Any CPU
		{C3903F29-EFCE-4F3F-B2D1-367D881AB4F1}.Debug|Any CPU.Build.0 = Debug|Any CPU
		{C3903F29-EFCE-4F3F-B2D1-367D881AB4F1}.Release|Any CPU.ActiveCfg = Release|Any CPU
		{C3903F29-EFCE-4F3F-B2D1-367D881AB4F1}.Release|Any CPU.Build.0 = Release|Any CPU
		{AF8CEA65-ECBF-47EE-84D2-3CB61AFC8DAE}.Debug|Any CPU.ActiveCfg = Debug|Any CPU
		{AF8CEA65-ECBF-47EE-84D2-3CB61AFC8DAE}.Debug|Any CPU.Build.0 = Debug|Any CPU
		{AF8CEA65-ECBF-47EE-84D2-3CB61AFC8DAE}.Release|Any CPU.ActiveCfg = Release|Any CPU
		{AF8CEA65-ECBF-47EE-84D2-3CB61AFC8DAE}.Release|Any CPU.Build.0 = Release|Any CPU
		{046453B3-26A4-4985-B1E2-1DC5CBD6366D}.Debug|Any CPU.ActiveCfg = Debug|Any CPU
		{046453B3-26A4-4985-B1E2-1DC5CBD6366D}.Debug|Any CPU.Build.0 = Debug|Any CPU
		{046453B3-26A4-4985-B1E2-1DC5CBD6366D}.Release|Any CPU.ActiveCfg = Release|Any CPU
		{046453B3-26A4-4985-B1E2-1DC5CBD6366D}.Release|Any CPU.Build.0 = Release|Any CPU
	EndGlobalSection
	GlobalSection(SolutionProperties) = preSolution
		HideSolutionNode = FALSE
	EndGlobalSection
	GlobalSection(ExtensibilityGlobals) = postSolution
		SolutionGuid = {D7106E7F-4D48-4565-8414-0DBB7DC7C9FF}
	EndGlobalSection
EndGlobal
